
Microsoft Visual Studio Solution File, Format Version 12.00
# Visual Studio 15
VisualStudioVersion = 15.0.27703.2000
MinimumVisualStudioVersion = 10.0.40219.1
Project("{8BC9CEB8-8B4A-11D0-8D11-00A0C91BC942}") = "OpenGL", "OpenGL\OpenGL.vcxproj", "{5D89BD45-12BD-48F5-A88C-9FB0EB36D4B8}"
EndProject
Global
	GlobalSection(SolutionConfigurationPlatforms) = preSolution
		Debug|x64 = Debug|x64
		Debug|x86 = Debug|x86
		Release|x64 = Release|x64
		Release|x86 = Release|x86
	EndGlobalSection
	GlobalSection(ProjectConfigurationPlatforms) = postSolution
		{5D89BD45-12BD-48F5-A88C-9FB0EB36D4B8}.Debug|x64.ActiveCfg = Debug|x64
		{5D89BD45-12BD-48F5-A88C-9FB0EB36D4B8}.Debug|x64.Build.0 = Debug|x64
		{5D89BD45-12BD-48F5-A88C-9FB0EB36D4B8}.Debug|x86.ActiveCfg = Debug|Win32
		{5D89BD45-12BD-48F5-A88C-9FB0EB36D4B8}.Debug|x86.Build.0 = Debug|Win32
		{5D89BD45-12BD-48F5-A88C-9FB0EB36D4B8}.Release|x64.ActiveCfg = Release|x64
		{5D89BD45-12BD-48F5-A88C-9FB0EB36D4B8}.Release|x64.Build.0 = Release|x64
		{5D89BD45-12BD-48F5-A88C-9FB0EB36D4B8}.Release|x86.ActiveCfg = Release|Win32
		{5D89BD45-12BD-48F5-A88C-9FB0EB36D4B8}.Release|x86.Build.0 = Release|Win32
	EndGlobalSection
	GlobalSection(SolutionProperties) = preSolution
		HideSolutionNode = FALSE
	EndGlobalSection
	GlobalSection(ExtensibilityGlobals) = postSolution
		SolutionGuid = {5D96A4FE-719E-46B8-9038-A79544584F7D}
	EndGlobalSection
EndGlobal
